
Microsoft Visual Studio Solution File, Format Version 12.00
# Visual Studio Version 17
VisualStudioVersion = 17.3.32929.385
MinimumVisualStudioVersion = 10.0.40219.1
Project("{FAE04EC0-301F-11D3-BF4B-00C04F79EFBC}") = "FS.Todo.Core", "FS.Todo.Core\FS.Todo.Core.csproj", "{5D57FB27-3078-4A66-9E89-99E6CC7BAF62}"
EndProject
Project("{FAE04EC0-301F-11D3-BF4B-00C04F79EFBC}") = "FS.Todo.Api", "FS.Todo.Api\FS.Todo.Api.csproj", "{B5EB4C07-9E44-4982-9A42-9AE0B33D33E3}"
EndProject
Project("{FAE04EC0-301F-11D3-BF4B-00C04F79EFBC}") = "FS.Todo.Data", "FS.Todo.Data\FS.Todo.Data.csproj", "{4197EAAE-459D-46B9-8802-DCF30D4177F5}"
EndProject
Global
	GlobalSection(SolutionConfigurationPlatforms) = preSolution
		Debug|Any CPU = Debug|Any CPU
		Release|Any CPU = Release|Any CPU
	EndGlobalSection
	GlobalSection(ProjectConfigurationPlatforms) = postSolution
		{5D57FB27-3078-4A66-9E89-99E6CC7BAF62}.Debug|Any CPU.ActiveCfg = Debug|Any CPU
		{5D57FB27-3078-4A66-9E89-99E6CC7BAF62}.Debug|Any CPU.Build.0 = Debug|Any CPU
		{5D57FB27-3078-4A66-9E89-99E6CC7BAF62}.Release|Any CPU.ActiveCfg = Release|Any CPU
		{5D57FB27-3078-4A66-9E89-99E6CC7BAF62}.Release|Any CPU.Build.0 = Release|Any CPU
		{B5EB4C07-9E44-4982-9A42-9AE0B33D33E3}.Debug|Any CPU.ActiveCfg = Debug|Any CPU
		{B5EB4C07-9E44-4982-9A42-9AE0B33D33E3}.Debug|Any CPU.Build.0 = Debug|Any CPU
		{B5EB4C07-9E44-4982-9A42-9AE0B33D33E3}.Release|Any CPU.ActiveCfg = Release|Any CPU
		{B5EB4C07-9E44-4982-9A42-9AE0B33D33E3}.Release|Any CPU.Build.0 = Release|Any CPU
		{4197EAAE-459D-46B9-8802-DCF30D4177F5}.Debug|Any CPU.ActiveCfg = Debug|Any CPU
		{4197EAAE-459D-46B9-8802-DCF30D4177F5}.Debug|Any CPU.Build.0 = Debug|Any CPU
		{4197EAAE-459D-46B9-8802-DCF30D4177F5}.Release|Any CPU.ActiveCfg = Release|Any CPU
		{4197EAAE-459D-46B9-8802-DCF30D4177F5}.Release|Any CPU.Build.0 = Release|Any CPU
	EndGlobalSection
	GlobalSection(SolutionProperties) = preSolution
		HideSolutionNode = FALSE
	EndGlobalSection
	GlobalSection(ExtensibilityGlobals) = postSolution
		SolutionGuid = {BAD9518A-4803-403C-A74C-890DBF20C1EB}
	EndGlobalSection
EndGlobal
